
Microsoft Visual Studio Solution File, Format Version 12.00
# Visual Studio Version 17
VisualStudioVersion = 17.14.36109.1
MinimumVisualStudioVersion = 10.0.40219.1
Project("{FAE04EC0-301F-11D3-BF4B-00C04F79EFBC}") = "ct.backend", "cybertricks-backend\ct.backend.csproj", "{BBEB474E-3AAA-FE95-3615-4FD1B3194285}"
EndProject
Global
	GlobalSection(SolutionConfigurationPlatforms) = preSolution
		Debug|Any CPU = Debug|Any CPU
		Release|Any CPU = Release|Any CPU
	EndGlobalSection
	GlobalSection(ProjectConfigurationPlatforms) = postSolution
		{BBEB474E-3AAA-FE95-3615-4FD1B3194285}.Debug|Any CPU.ActiveCfg = Debug|Any CPU
		{BBEB474E-3AAA-FE95-3615-4FD1B3194285}.Debug|Any CPU.Build.0 = Debug|Any CPU
		{BBEB474E-3AAA-FE95-3615-4FD1B3194285}.Release|Any CPU.ActiveCfg = Release|Any CPU
		{BBEB474E-3AAA-FE95-3615-4FD1B3194285}.Release|Any CPU.Build.0 = Release|Any CPU
	EndGlobalSection
	GlobalSection(SolutionProperties) = preSolution
		HideSolutionNode = FALSE
	EndGlobalSection
	GlobalSection(ExtensibilityGlobals) = postSolution
		SolutionGuid = {4E5ED4F9-0B11-4DF6-939B-6B23B27D755F}
	EndGlobalSection
EndGlobal
